
Microsoft Visual Studio Solution File, Format Version 12.00
# Visual Studio Version 17
VisualStudioVersion = 17.2.32526.322
MinimumVisualStudioVersion = 10.0.40219.1
Project("{FAE04EC0-301F-11D3-BF4B-00C04F79EFBC}") = "hoteladactine", "hoteladactine\hoteladactine.csproj", "{6B039A01-A973-4B43-ADB6-6BB585DD4005}"
EndProject
Global
	GlobalSection(SolutionConfigurationPlatforms) = preSolution
		Debug|Any CPU = Debug|Any CPU
		Release|Any CPU = Release|Any CPU
	EndGlobalSection
	GlobalSection(ProjectConfigurationPlatforms) = postSolution
		{6B039A01-A973-4B43-ADB6-6BB585DD4005}.Debug|Any CPU.ActiveCfg = Debug|Any CPU
		{6B039A01-A973-4B43-ADB6-6BB585DD4005}.Debug|Any CPU.Build.0 = Debug|Any CPU
		{6B039A01-A973-4B43-ADB6-6BB585DD4005}.Release|Any CPU.ActiveCfg = Release|Any CPU
		{6B039A01-A973-4B43-ADB6-6BB585DD4005}.Release|Any CPU.Build.0 = Release|Any CPU
	EndGlobalSection
	GlobalSection(SolutionProperties) = preSolution
		HideSolutionNode = FALSE
	EndGlobalSection
	GlobalSection(ExtensibilityGlobals) = postSolution
		SolutionGuid = {BFED6F6D-B4CA-4D28-9F8C-846BCD037CDD}
	EndGlobalSection
EndGlobal
